
Microsoft Visual Studio Solution File, Format Version 12.00
# Visual Studio Version 16
VisualStudioVersion = 16.0.32228.343
MinimumVisualStudioVersion = 10.0.40219.1
Project("{2150E333-8FDC-42A3-9474-1A3956D46DE8}") = "src", "src", "{4CCE5170-A642-44F6-B6D2-FC4B69893D36}"
EndProject
Project("{2150E333-8FDC-42A3-9474-1A3956D46DE8}") = "tests", "tests", "{4CE66586-1CC3-4F4B-B71A-CA6FF579E3A3}"
EndProject
Project("{2150E333-8FDC-42A3-9474-1A3956D46DE8}") = "Services", "Services", "{88807190-0837-4351-929F-03878DC0FE76}"
EndProject
Project("{2150E333-8FDC-42A3-9474-1A3956D46DE8}") = "Catalog", "Catalog", "{CBBA8AA3-30FC-4B77-B53F-2DAD40816171}"
EndProject
Project("{9A19103F-16F7-4668-BE54-9A1E7A4F7556}") = "Sale.Catalog.Api", "src\services\Sale.Catalog.Api\Sale.Catalog.Api.csproj", "{71D7E696-7F72-4AA7-8445-2E5AD5C9273D}"
EndProject
Project("{9A19103F-16F7-4668-BE54-9A1E7A4F7556}") = "Sale.Catalog.Domain", "src\services\Sale.Catalog.Domain\Sale.Catalog.Domain.csproj", "{D0FF1B7E-A929-4D60-BC97-EEE306718B57}"
EndProject
Project("{9A19103F-16F7-4668-BE54-9A1E7A4F7556}") = "Sale.Catalog.Infra", "src\services\Sale.Catalog.Infra\Sale.Catalog.Infra.csproj", "{D45B8CB3-47E2-4557-96BF-8C778A8F87D3}"
EndProject
Project("{2150E333-8FDC-42A3-9474-1A3956D46DE8}") = "BuildingBlocks", "BuildingBlocks", "{B6972D77-A181-4831-B0DB-4BD928D31967}"
EndProject
Project("{9A19103F-16F7-4668-BE54-9A1E7A4F7556}") = "Sale.Core", "src\buildingblocks\Sale.Core\Sale.Core.csproj", "{6E022252-E0F2-48F9-B13D-1D5FADE0267A}"
EndProject
Project("{9A19103F-16F7-4668-BE54-9A1E7A4F7556}") = "Sale.Catalog.Application", "src\services\Sale.Catalog.Application\Sale.Catalog.Application.csproj", "{47A92E81-1760-456D-B991-E7879685AD2F}"
EndProject
Project("{2150E333-8FDC-42A3-9474-1A3956D46DE8}") = "Order", "Order", "{610BE21B-F76F-408F-82ED-5EF5731B729D}"
EndProject
Project("{9A19103F-16F7-4668-BE54-9A1E7A4F7556}") = "Sale.Order.Domain", "src\services\Sale.Order.Domain\Sale.Order.Domain.csproj", "{B6D507E5-C2DD-49C2-B889-498CE620D883}"
EndProject
Project("{9A19103F-16F7-4668-BE54-9A1E7A4F7556}") = "Sale.Order.Infra", "src\services\Sale.Order.Infra\Sale.Order.Infra.csproj", "{7CA14CD7-18AD-450D-94A2-B35BAB4DD965}"
EndProject
Project("{9A19103F-16F7-4668-BE54-9A1E7A4F7556}") = "Sale.Order.Application", "src\services\Sale.Order.Application\Sale.Order.Application.csproj", "{0CFDE020-6AE5-48E3-9BA0-640A2C4BD684}"
EndProject
Project("{9A19103F-16F7-4668-BE54-9A1E7A4F7556}") = "Sale.Order.Api", "src\services\Sale.Order.Api\Sale.Order.Api.csproj", "{2781820A-4035-4D69-85FE-0965B8D53A59}"
EndProject
Project("{2150E333-8FDC-42A3-9474-1A3956D46DE8}") = "Inventory", "Inventory", "{0EC55D4F-075A-46AE-B09C-C1F8C16C8F03}"
EndProject
Project("{9A19103F-16F7-4668-BE54-9A1E7A4F7556}") = "Sale.Inventory.Application", "src\services\Sale.Inventory.Application\Sale.Inventory.Application.csproj", "{73C79753-73D4-4C41-94A6-8726B364386B}"
EndProject
Project("{9A19103F-16F7-4668-BE54-9A1E7A4F7556}") = "Sale.Inventory.Domain", "src\services\Sale.Inventory.Domain\Sale.Inventory.Domain.csproj", "{D2C7CDB4-C597-4E1A-B8CD-6CDC14C9D9C4}"
EndProject
Project("{9A19103F-16F7-4668-BE54-9A1E7A4F7556}") = "Sale.Inventory.Infra", "src\services\Sale.Inventory.Infra\Sale.Inventory.Infra.csproj", "{8D4EC6C3-BB51-45A0-9B09-133468ECEDB8}"
EndProject
Project("{9A19103F-16F7-4668-BE54-9A1E7A4F7556}") = "Sale.Inventory.Api", "src\services\Sale.Inventory.Api\Sale.Inventory.Api.csproj", "{616D36B7-F6AA-42AA-A817-F9865C4E1EBD}"
EndProject
Project("{2150E333-8FDC-42A3-9474-1A3956D46DE8}") = "Services", "Services", "{1C4F4F4B-E79F-4863-947C-931E952ABF03}"
EndProject
Project("{2150E333-8FDC-42A3-9474-1A3956D46DE8}") = "Catalog", "Catalog", "{04EB58D4-B30A-4CA7-B7E8-E03F8A546A2B}"
EndProject
Project("{2150E333-8FDC-42A3-9474-1A3956D46DE8}") = "Inventory", "Inventory", "{CC0D0A8D-6003-4384-8E83-2E2697294055}"
EndProject
Project("{2150E333-8FDC-42A3-9474-1A3956D46DE8}") = "Order", "Order", "{C4FEEDA9-ED47-4504-A096-C8ACEC186791}"
EndProject
Project("{2150E333-8FDC-42A3-9474-1A3956D46DE8}") = "Payment", "Payment", "{1C80B420-E81F-4733-8270-6DA47463E3DC}"
EndProject
Project("{9A19103F-16F7-4668-BE54-9A1E7A4F7556}") = "Sale.Payment.Application", "src\services\Sale.Payment.Application\Sale.Payment.Application.csproj", "{37EFA734-41A5-4804-82E2-CC5C330F9505}"
EndProject
Project("{9A19103F-16F7-4668-BE54-9A1E7A4F7556}") = "Sale.Payment.Domain", "src\services\Sale.Payment.Domain\Sale.Payment.Domain.csproj", "{8EB25DEB-5A0C-499B-BC72-BDA58018E70E}"
EndProject
Project("{9A19103F-16F7-4668-BE54-9A1E7A4F7556}") = "Sale.Payment.Infra", "src\services\Sale.Payment.Infra\Sale.Payment.Infra.csproj", "{EC10593B-15C9-4BB7-81E4-31232DCF179C}"
EndProject
Project("{9A19103F-16F7-4668-BE54-9A1E7A4F7556}") = "Sale.Payment.Api", "src\services\Sale.Payment.Api\Sale.Payment.Api.csproj", "{F0097AA5-266E-4D93-A95C-C935BC8FBB86}"
EndProject
Project("{FAE04EC0-301F-11D3-BF4B-00C04F79EFBC}") = "Sale.Catalog.IntegrationTest", "tests\services\Sale.Catalog.IntegrationTest\Sale.Catalog.IntegrationTest.csproj", "{5FF47BA1-D718-4902-BD44-26A74FD833DB}"
EndProject
Global
	GlobalSection(SolutionConfigurationPlatforms) = preSolution
		Debug|Any CPU = Debug|Any CPU
		Release|Any CPU = Release|Any CPU
	EndGlobalSection
	GlobalSection(ProjectConfigurationPlatforms) = postSolution
		{71D7E696-7F72-4AA7-8445-2E5AD5C9273D}.Debug|Any CPU.ActiveCfg = Debug|Any CPU
		{71D7E696-7F72-4AA7-8445-2E5AD5C9273D}.Debug|Any CPU.Build.0 = Debug|Any CPU
		{71D7E696-7F72-4AA7-8445-2E5AD5C9273D}.Release|Any CPU.ActiveCfg = Release|Any CPU
		{71D7E696-7F72-4AA7-8445-2E5AD5C9273D}.Release|Any CPU.Build.0 = Release|Any CPU
		{D0FF1B7E-A929-4D60-BC97-EEE306718B57}.Debug|Any CPU.ActiveCfg = Debug|Any CPU
		{D0FF1B7E-A929-4D60-BC97-EEE306718B57}.Debug|Any CPU.Build.0 = Debug|Any CPU
		{D0FF1B7E-A929-4D60-BC97-EEE306718B57}.Release|Any CPU.ActiveCfg = Release|Any CPU
		{D0FF1B7E-A929-4D60-BC97-EEE306718B57}.Release|Any CPU.Build.0 = Release|Any CPU
		{D45B8CB3-47E2-4557-96BF-8C778A8F87D3}.Debug|Any CPU.ActiveCfg = Debug|Any CPU
		{D45B8CB3-47E2-4557-96BF-8C778A8F87D3}.Debug|Any CPU.Build.0 = Debug|Any CPU
		{D45B8CB3-47E2-4557-96BF-8C778A8F87D3}.Release|Any CPU.ActiveCfg = Release|Any CPU
		{D45B8CB3-47E2-4557-96BF-8C778A8F87D3}.Release|Any CPU.Build.0 = Release|Any CPU
		{6E022252-E0F2-48F9-B13D-1D5FADE0267A}.Debug|Any CPU.ActiveCfg = Debug|Any CPU
		{6E022252-E0F2-48F9-B13D-1D5FADE0267A}.Debug|Any CPU.Build.0 = Debug|Any CPU
		{6E022252-E0F2-48F9-B13D-1D5FADE0267A}.Release|Any CPU.ActiveCfg = Release|Any CPU
		{6E022252-E0F2-48F9-B13D-1D5FADE0267A}.Release|Any CPU.Build.0 = Release|Any CPU
		{47A92E81-1760-456D-B991-E7879685AD2F}.Debug|Any CPU.ActiveCfg = Debug|Any CPU
		{47A92E81-1760-456D-B991-E7879685AD2F}.Debug|Any CPU.Build.0 = Debug|Any CPU
		{47A92E81-1760-456D-B991-E7879685AD2F}.Release|Any CPU.ActiveCfg = Release|Any CPU
		{47A92E81-1760-456D-B991-E7879685AD2F}.Release|Any CPU.Build.0 = Release|Any CPU
		{B6D507E5-C2DD-49C2-B889-498CE620D883}.Debug|Any CPU.ActiveCfg = Debug|Any CPU
		{B6D507E5-C2DD-49C2-B889-498CE620D883}.Debug|Any CPU.Build.0 = Debug|Any CPU
		{B6D507E5-C2DD-49C2-B889-498CE620D883}.Release|Any CPU.ActiveCfg = Release|Any CPU
		{B6D507E5-C2DD-49C2-B889-498CE620D883}.Release|Any CPU.Build.0 = Release|Any CPU
		{7CA14CD7-18AD-450D-94A2-B35BAB4DD965}.Debug|Any CPU.ActiveCfg = Debug|Any CPU
		{7CA14CD7-18AD-450D-94A2-B35BAB4DD965}.Debug|Any CPU.Build.0 = Debug|Any CPU
		{7CA14CD7-18AD-450D-94A2-B35BAB4DD965}.Release|Any CPU.ActiveCfg = Release|Any CPU
		{7CA14CD7-18AD-450D-94A2-B35BAB4DD965}.Release|Any CPU.Build.0 = Release|Any CPU
		{0CFDE020-6AE5-48E3-9BA0-640A2C4BD684}.Debug|Any CPU.ActiveCfg = Debug|Any CPU
		{0CFDE020-6AE5-48E3-9BA0-640A2C4BD684}.Debug|Any CPU.Build.0 = Debug|Any CPU
		{0CFDE020-6AE5-48E3-9BA0-640A2C4BD684}.Release|Any CPU.ActiveCfg = Release|Any CPU
		{0CFDE020-6AE5-48E3-9BA0-640A2C4BD684}.Release|Any CPU.Build.0 = Release|Any CPU
		{2781820A-4035-4D69-85FE-0965B8D53A59}.Debug|Any CPU.ActiveCfg = Debug|Any CPU
		{2781820A-4035-4D69-85FE-0965B8D53A59}.Debug|Any CPU.Build.0 = Debug|Any CPU
		{2781820A-4035-4D69-85FE-0965B8D53A59}.Release|Any CPU.ActiveCfg = Release|Any CPU
		{2781820A-4035-4D69-85FE-0965B8D53A59}.Release|Any CPU.Build.0 = Release|Any CPU
		{73C79753-73D4-4C41-94A6-8726B364386B}.Debug|Any CPU.ActiveCfg = Debug|Any CPU
		{73C79753-73D4-4C41-94A6-8726B364386B}.Debug|Any CPU.Build.0 = Debug|Any CPU
		{73C79753-73D4-4C41-94A6-8726B364386B}.Release|Any CPU.ActiveCfg = Release|Any CPU
		{73C79753-73D4-4C41-94A6-8726B364386B}.Release|Any CPU.Build.0 = Release|Any CPU
		{D2C7CDB4-C597-4E1A-B8CD-6CDC14C9D9C4}.Debug|Any CPU.ActiveCfg = Debug|Any CPU
		{D2C7CDB4-C597-4E1A-B8CD-6CDC14C9D9C4}.Debug|Any CPU.Build.0 = Debug|Any CPU
		{D2C7CDB4-C597-4E1A-B8CD-6CDC14C9D9C4}.Release|Any CPU.ActiveCfg = Release|Any CPU
		{D2C7CDB4-C597-4E1A-B8CD-6CDC14C9D9C4}.Release|Any CPU.Build.0 = Release|Any CPU
		{8D4EC6C3-BB51-45A0-9B09-133468ECEDB8}.Debug|Any CPU.ActiveCfg = Debug|Any CPU
		{8D4EC6C3-BB51-45A0-9B09-133468ECEDB8}.Debug|Any CPU.Build.0 = Debug|Any CPU
		{8D4EC6C3-BB51-45A0-9B09-133468ECEDB8}.Release|Any CPU.ActiveCfg = Release|Any CPU
		{8D4EC6C3-BB51-45A0-9B09-133468ECEDB8}.Release|Any CPU.Build.0 = Release|Any CPU
		{616D36B7-F6AA-42AA-A817-F9865C4E1EBD}.Debug|Any CPU.ActiveCfg = Debug|Any CPU
		{616D36B7-F6AA-42AA-A817-F9865C4E1EBD}.Debug|Any CPU.Build.0 = Debug|Any CPU
		{616D36B7-F6AA-42AA-A817-F9865C4E1EBD}.Release|Any CPU.ActiveCfg = Release|Any CPU
		{616D36B7-F6AA-42AA-A817-F9865C4E1EBD}.Release|Any CPU.Build.0 = Release|Any CPU
		{37EFA734-41A5-4804-82E2-CC5C330F9505}.Debug|Any CPU.ActiveCfg = Debug|Any CPU
		{37EFA734-41A5-4804-82E2-CC5C330F9505}.Debug|Any CPU.Build.0 = Debug|Any CPU
		{37EFA734-41A5-4804-82E2-CC5C330F9505}.Release|Any CPU.ActiveCfg = Release|Any CPU
		{37EFA734-41A5-4804-82E2-CC5C330F9505}.Release|Any CPU.Build.0 = Release|Any CPU
		{8EB25DEB-5A0C-499B-BC72-BDA58018E70E}.Debug|Any CPU.ActiveCfg = Debug|Any CPU
		{8EB25DEB-5A0C-499B-BC72-BDA58018E70E}.Debug|Any CPU.Build.0 = Debug|Any CPU
		{8EB25DEB-5A0C-499B-BC72-BDA58018E70E}.Release|Any CPU.ActiveCfg = Release|Any CPU
		{8EB25DEB-5A0C-499B-BC72-BDA58018E70E}.Release|Any CPU.Build.0 = Release|Any CPU
		{EC10593B-15C9-4BB7-81E4-31232DCF179C}.Debug|Any CPU.ActiveCfg = Debug|Any CPU
		{EC10593B-15C9-4BB7-81E4-31232DCF179C}.Debug|Any CPU.Build.0 = Debug|Any CPU
		{EC10593B-15C9-4BB7-81E4-31232DCF179C}.Release|Any CPU.ActiveCfg = Release|Any CPU
		{EC10593B-15C9-4BB7-81E4-31232DCF179C}.Release|Any CPU.Build.0 = Release|Any CPU
		{F0097AA5-266E-4D93-A95C-C935BC8FBB86}.Debug|Any CPU.ActiveCfg = Debug|Any CPU
		{F0097AA5-266E-4D93-A95C-C935BC8FBB86}.Debug|Any CPU.Build.0 = Debug|Any CPU
		{F0097AA5-266E-4D93-A95C-C935BC8FBB86}.Release|Any CPU.ActiveCfg = Release|Any CPU
		{F0097AA5-266E-4D93-A95C-C935BC8FBB86}.Release|Any CPU.Build.0 = Release|Any CPU
		{5FF47BA1-D718-4902-BD44-26A74FD833DB}.Debug|Any CPU.ActiveCfg = Debug|Any CPU
		{5FF47BA1-D718-4902-BD44-26A74FD833DB}.Debug|Any CPU.Build.0 = Debug|Any CPU
		{5FF47BA1-D718-4902-BD44-26A74FD833DB}.Release|Any CPU.ActiveCfg = Release|Any CPU
		{5FF47BA1-D718-4902-BD44-26A74FD833DB}.Release|Any CPU.Build.0 = Release|Any CPU
	EndGlobalSection
	GlobalSection(SolutionProperties) = preSolution
		HideSolutionNode = FALSE
	EndGlobalSection
	GlobalSection(NestedProjects) = preSolution
		{88807190-0837-4351-929F-03878DC0FE76} = {4CCE5170-A642-44F6-B6D2-FC4B69893D36}
		{CBBA8AA3-30FC-4B77-B53F-2DAD40816171} = {88807190-0837-4351-929F-03878DC0FE76}
		{71D7E696-7F72-4AA7-8445-2E5AD5C9273D} = {CBBA8AA3-30FC-4B77-B53F-2DAD40816171}
		{D0FF1B7E-A929-4D60-BC97-EEE306718B57} = {CBBA8AA3-30FC-4B77-B53F-2DAD40816171}
		{D45B8CB3-47E2-4557-96BF-8C778A8F87D3} = {CBBA8AA3-30FC-4B77-B53F-2DAD40816171}
		{B6972D77-A181-4831-B0DB-4BD928D31967} = {4CCE5170-A642-44F6-B6D2-FC4B69893D36}
		{6E022252-E0F2-48F9-B13D-1D5FADE0267A} = {B6972D77-A181-4831-B0DB-4BD928D31967}
		{47A92E81-1760-456D-B991-E7879685AD2F} = {CBBA8AA3-30FC-4B77-B53F-2DAD40816171}
		{610BE21B-F76F-408F-82ED-5EF5731B729D} = {88807190-0837-4351-929F-03878DC0FE76}
		{B6D507E5-C2DD-49C2-B889-498CE620D883} = {610BE21B-F76F-408F-82ED-5EF5731B729D}
		{7CA14CD7-18AD-450D-94A2-B35BAB4DD965} = {610BE21B-F76F-408F-82ED-5EF5731B729D}
		{0CFDE020-6AE5-48E3-9BA0-640A2C4BD684} = {610BE21B-F76F-408F-82ED-5EF5731B729D}
		{2781820A-4035-4D69-85FE-0965B8D53A59} = {610BE21B-F76F-408F-82ED-5EF5731B729D}
		{0EC55D4F-075A-46AE-B09C-C1F8C16C8F03} = {88807190-0837-4351-929F-03878DC0FE76}
		{73C79753-73D4-4C41-94A6-8726B364386B} = {0EC55D4F-075A-46AE-B09C-C1F8C16C8F03}
		{D2C7CDB4-C597-4E1A-B8CD-6CDC14C9D9C4} = {0EC55D4F-075A-46AE-B09C-C1F8C16C8F03}
		{8D4EC6C3-BB51-45A0-9B09-133468ECEDB8} = {0EC55D4F-075A-46AE-B09C-C1F8C16C8F03}
		{616D36B7-F6AA-42AA-A817-F9865C4E1EBD} = {0EC55D4F-075A-46AE-B09C-C1F8C16C8F03}
		{1C4F4F4B-E79F-4863-947C-931E952ABF03} = {4CE66586-1CC3-4F4B-B71A-CA6FF579E3A3}
		{04EB58D4-B30A-4CA7-B7E8-E03F8A546A2B} = {1C4F4F4B-E79F-4863-947C-931E952ABF03}
		{CC0D0A8D-6003-4384-8E83-2E2697294055} = {1C4F4F4B-E79F-4863-947C-931E952ABF03}
		{C4FEEDA9-ED47-4504-A096-C8ACEC186791} = {1C4F4F4B-E79F-4863-947C-931E952ABF03}
		{1C80B420-E81F-4733-8270-6DA47463E3DC} = {88807190-0837-4351-929F-03878DC0FE76}
		{37EFA734-41A5-4804-82E2-CC5C330F9505} = {1C80B420-E81F-4733-8270-6DA47463E3DC}
		{8EB25DEB-5A0C-499B-BC72-BDA58018E70E} = {1C80B420-E81F-4733-8270-6DA47463E3DC}
		{EC10593B-15C9-4BB7-81E4-31232DCF179C} = {1C80B420-E81F-4733-8270-6DA47463E3DC}
		{F0097AA5-266E-4D93-A95C-C935BC8FBB86} = {1C80B420-E81F-4733-8270-6DA47463E3DC}
		{5FF47BA1-D718-4902-BD44-26A74FD833DB} = {04EB58D4-B30A-4CA7-B7E8-E03F8A546A2B}
	EndGlobalSection
	GlobalSection(ExtensibilityGlobals) = postSolution
		SolutionGuid = {59CBCA99-719D-424C-A310-DA646A7DA8A6}
	EndGlobalSection
EndGlobal
